
Microsoft Visual Studio Solution File, Format Version 12.00
# Visual Studio 15
VisualStudioVersion = 15.0.26430.12
MinimumVisualStudioVersion = 10.0.40219.1
Project("{FAE04EC0-301F-11D3-BF4B-00C04F79EFBC}") = "Vatsim.NET", "Vatsim.NET\Vatsim.NET.csproj", "{763A2A13-AA8B-4098-832F-66D3EFACF69B}"
EndProject
Project("{FAE04EC0-301F-11D3-BF4B-00C04F79EFBC}") = "Vatsim.NET.Test", "Vatsim.NET.Test\Vatsim.NET.Test.csproj", "{9221BF36-4172-47A7-AF20-74D4373D657C}"
EndProject
Project("{FAE04EC0-301F-11D3-BF4B-00C04F79EFBC}") = "Vatsim.NET.NUnitLiteRunner", "Vatsim.NET.NUnitLiteRunner\Vatsim.NET.NUnitLiteRunner.csproj", "{BB557581-4F2B-44A7-8DA1-5A16FF471B75}"
EndProject
Global
	GlobalSection(SolutionConfigurationPlatforms) = preSolution
		Debug|Any CPU = Debug|Any CPU
		Release|Any CPU = Release|Any CPU
	EndGlobalSection
	GlobalSection(ProjectConfigurationPlatforms) = postSolution
		{763A2A13-AA8B-4098-832F-66D3EFACF69B}.Debug|Any CPU.ActiveCfg = Debug|Any CPU
		{763A2A13-AA8B-4098-832F-66D3EFACF69B}.Debug|Any CPU.Build.0 = Debug|Any CPU
		{763A2A13-AA8B-4098-832F-66D3EFACF69B}.Release|Any CPU.ActiveCfg = Release|Any CPU
		{763A2A13-AA8B-4098-832F-66D3EFACF69B}.Release|Any CPU.Build.0 = Release|Any CPU
		{9221BF36-4172-47A7-AF20-74D4373D657C}.Debug|Any CPU.ActiveCfg = Debug|Any CPU
		{9221BF36-4172-47A7-AF20-74D4373D657C}.Debug|Any CPU.Build.0 = Debug|Any CPU
		{9221BF36-4172-47A7-AF20-74D4373D657C}.Release|Any CPU.ActiveCfg = Release|Any CPU
		{9221BF36-4172-47A7-AF20-74D4373D657C}.Release|Any CPU.Build.0 = Release|Any CPU
		{BB557581-4F2B-44A7-8DA1-5A16FF471B75}.Debug|Any CPU.ActiveCfg = Debug|Any CPU
		{BB557581-4F2B-44A7-8DA1-5A16FF471B75}.Debug|Any CPU.Build.0 = Debug|Any CPU
		{BB557581-4F2B-44A7-8DA1-5A16FF471B75}.Release|Any CPU.ActiveCfg = Release|Any CPU
		{BB557581-4F2B-44A7-8DA1-5A16FF471B75}.Release|Any CPU.Build.0 = Release|Any CPU
	EndGlobalSection
	GlobalSection(SolutionProperties) = preSolution
		HideSolutionNode = FALSE
	EndGlobalSection
EndGlobal
